<?xml version="1.0" encoding="utf-8"?>
<Project ToolsVersion="4.0" xmlns="http://schemas.microsoft.com/developer/msbuild/2003">
  <ItemGroup>
    <Filter Include="Engine">
      <UniqueIdentifier>{62f1f607-6f98-400a-a0a4-409b4aa43ca3}</UniqueIdentifier>
    </Filter>
    <Filter Include="Manager">
      <UniqueIdentifier>{c88e20df-b4b0-4a4c-a58f-40af9c0861fe}</UniqueIdentifier>
    </Filter>
    <Filter Include="Utils">
      <UniqueIdentifier>{4a2f072e-e457-491e-8e13-ced4d51c4366}</UniqueIdentifier>
    </Filter>
    <Filter Include="Object">
      <UniqueIdentifier>{33b34cf4-f9f4-4301-9856-7a48f7eed2b3}</UniqueIdentifier>
    </Filter>
    <Filter Include="Object\Test">
      <UniqueIdentifier>{ac7f5183-32b3-4b51-ae5c-f8e1b6a47827}</UniqueIdentifier>
    </Filter>
    <Filter Include="Object\Component">
      <UniqueIdentifier>{05dc5212-f819-4b2a-af38-9b234d6e6621}</UniqueIdentifier>
    </Filter>
    <Filter Include="Object\Resource">
      <UniqueIdentifier>{09187517-c1c3-4616-96ce-61a0868eb968}</UniqueIdentifier>
    </Filter>
    <Filter Include="Shader">
      <UniqueIdentifier>{00a6e771-40eb-44f4-9c29-e989968af31b}</UniqueIdentifier>
    </Filter>
    <Filter Include="Object\Component\Collider">
      <UniqueIdentifier>{a811ad7c-d1f0-4817-9bc4-3011aa147057}</UniqueIdentifier>
    </Filter>
  </ItemGroup>
  <ItemGroup>
    <ClInclude Include="Engine\CommandQueue.h">
      <Filter>Engine</Filter>
    </ClInclude>
    <ClInclude Include="Engine\ConstantBuffer.h">
      <Filter>Engine</Filter>
    </ClInclude>
    <ClInclude Include="Engine\Device.h">
      <Filter>Engine</Filter>
    </ClInclude>
    <ClInclude Include="Engine\Engine.h">
      <Filter>Engine</Filter>
    </ClInclude>
    <ClInclude Include="Engine\InstancingBuffer.h">
      <Filter>Engine</Filter>
    </ClInclude>
    <ClInclude Include="Engine\RenderTargetGroup.h">
      <Filter>Engine</Filter>
    </ClInclude>
    <ClInclude Include="Engine\RootSignature.h">
      <Filter>Engine</Filter>
    </ClInclude>
    <ClInclude Include="Engine\StructuredBuffer.h">
      <Filter>Engine</Filter>
    </ClInclude>
    <ClInclude Include="Engine\SwapChain.h">
      <Filter>Engine</Filter>
    </ClInclude>
    <ClInclude Include="Engine\TableDescriptorHeap.h">
      <Filter>Engine</Filter>
    </ClInclude>
    <ClInclude Include="Manager\Input.h">
      <Filter>Manager</Filter>
    </ClInclude>
    <ClInclude Include="Manager\InstancingManager.h">
      <Filter>Manager</Filter>
    </ClInclude>
    <ClInclude Include="Manager\PhysicsManager.h">
      <Filter>Manager</Filter>
    </ClInclude>
    <ClInclude Include="Manager\Resources.h">
      <Filter>Manager</Filter>
    </ClInclude>
    <ClInclude Include="Manager\Scene.h">
      <Filter>Manager</Filter>
    </ClInclude>
    <ClInclude Include="Manager\SceneManager.h">
      <Filter>Manager</Filter>
    </ClInclude>
    <ClInclude Include="Manager\Timer.h">
      <Filter>Manager</Filter>
    </ClInclude>
    <ClInclude Include="Manager\UIManager.h">
      <Filter>Manager</Filter>
    </ClInclude>
    <ClInclude Include="Utils\d3dx12.h">
      <Filter>Utils</Filter>
    </ClInclude>
    <ClInclude Include="Utils\EnginePch.h">
      <Filter>Utils</Filter>
    </ClInclude>
    <ClInclude Include="Utils\FBXLoader.h">
      <Filter>Utils</Filter>
    </ClInclude>
    <ClInclude Include="Utils\pch.h">
      <Filter>Utils</Filter>
    </ClInclude>
    <ClInclude Include="Utils\SimpleMath.h">
      <Filter>Utils</Filter>
    </ClInclude>
    <ClInclude Include="Object\Component\Collider\BaseCollider.h">
      <Filter>Object\Component\Collider</Filter>
    </ClInclude>
    <ClInclude Include="Object\Component\Collider\BasketCollider.h">
      <Filter>Object\Component\Collider</Filter>
    </ClInclude>
    <ClInclude Include="Object\Component\Collider\CylinderCollider.h">
      <Filter>Object\Component\Collider</Filter>
    </ClInclude>
    <ClInclude Include="Object\Component\Collider\PlaneCollider.h">
      <Filter>Object\Component\Collider</Filter>
    </ClInclude>
    <ClInclude Include="Object\Component\Collider\SphereCollider.h">
      <Filter>Object\Component\Collider</Filter>
    </ClInclude>
    <ClInclude Include="Object\Component\Collider\TableCollider.h">
      <Filter>Object\Component\Collider</Filter>
    </ClInclude>
    <ClInclude Include="Object\Component\Animator.h">
      <Filter>Object\Component</Filter>
    </ClInclude>
    <ClInclude Include="Object\Component\Camera.h">
      <Filter>Object\Component</Filter>
    </ClInclude>
    <ClInclude Include="Object\Component\Component.h">
      <Filter>Object\Component</Filter>
    </ClInclude>
    <ClInclude Include="Object\Component\Frustum.h">
      <Filter>Object\Component</Filter>
    </ClInclude>
    <ClInclude Include="Object\Component\Light.h">
      <Filter>Object\Component</Filter>
    </ClInclude>
    <ClInclude Include="Object\Component\MeshRenderer.h">
      <Filter>Object\Component</Filter>
    </ClInclude>
    <ClInclude Include="Object\Component\MonoBehaviour.h">
      <Filter>Object\Component</Filter>
    </ClInclude>
    <ClInclude Include="Object\Component\ParticleSystem.h">
      <Filter>Object\Component</Filter>
    </ClInclude>
    <ClInclude Include="Object\Component\Rigidbody.h">
      <Filter>Object\Component</Filter>
    </ClInclude>
    <ClInclude Include="Object\Component\Terrain.h">
      <Filter>Object\Component</Filter>
    </ClInclude>
    <ClInclude Include="Object\Component\Transform.h">
      <Filter>Object\Component</Filter>
    </ClInclude>
    <ClInclude Include="Object\Resource\Material.h">
      <Filter>Object\Resource</Filter>
    </ClInclude>
    <ClInclude Include="Object\Resource\Mesh.h">
      <Filter>Object\Resource</Filter>
    </ClInclude>
    <ClInclude Include="Object\Resource\MeshData.h">
      <Filter>Object\Resource</Filter>
    </ClInclude>
    <ClInclude Include="Object\Resource\Shader.h">
      <Filter>Object\Resource</Filter>
    </ClInclude>
    <ClInclude Include="Object\Resource\Texture.h">
      <Filter>Object\Resource</Filter>
    </ClInclude>
    <ClInclude Include="Object\Test\TestCameraScript.h">
      <Filter>Object\Test</Filter>
    </ClInclude>
    <ClInclude Include="Object\Test\TestDragon.h">
      <Filter>Object\Test</Filter>
    </ClInclude>
    <ClInclude Include="Object\GameObject.h">
      <Filter>Object</Filter>
    </ClInclude>
    <ClInclude Include="Object\Object.h">
      <Filter>Object</Filter>
    </ClInclude>
  </ItemGroup>
  <ItemGroup>
    <ClCompile Include="Engine\CommandQueue.cpp">
      <Filter>Engine</Filter>
    </ClCompile>
    <ClCompile Include="Engine\ConstantBuffer.cpp">
      <Filter>Engine</Filter>
    </ClCompile>
    <ClCompile Include="Engine\Device.cpp">
      <Filter>Engine</Filter>
    </ClCompile>
    <ClCompile Include="Engine\Engine.cpp">
      <Filter>Engine</Filter>
    </ClCompile>
    <ClCompile Include="Engine\InstancingBuffer.cpp">
      <Filter>Engine</Filter>
    </ClCompile>
    <ClCompile Include="Engine\RenderTargetGroup.cpp">
      <Filter>Engine</Filter>
    </ClCompile>
    <ClCompile Include="Engine\RootSignature.cpp">
      <Filter>Engine</Filter>
    </ClCompile>
    <ClCompile Include="Engine\StructuredBuffer.cpp">
      <Filter>Engine</Filter>
    </ClCompile>
    <ClCompile Include="Engine\SwapChain.cpp">
      <Filter>Engine</Filter>
    </ClCompile>
    <ClCompile Include="Engine\TableDescriptorHeap.cpp">
      <Filter>Engine</Filter>
    </ClCompile>
    <ClCompile Include="Manager\Input.cpp">
      <Filter>Manager</Filter>
    </ClCompile>
    <ClCompile Include="Manager\InstancingManager.cpp">
      <Filter>Manager</Filter>
    </ClCompile>
    <ClCompile Include="Manager\PhysicsManager.cpp">
      <Filter>Manager</Filter>
    </ClCompile>
    <ClCompile Include="Manager\Resources.cpp">
      <Filter>Manager</Filter>
    </ClCompile>
    <ClCompile Include="Manager\Scene.cpp">
      <Filter>Manager</Filter>
    </ClCompile>
    <ClCompile Include="Manager\SceneManager.cpp">
      <Filter>Manager</Filter>
    </ClCompile>
    <ClCompile Include="Manager\Timer.cpp">
      <Filter>Manager</Filter>
    </ClCompile>
    <ClCompile Include="Manager\UIManager.cpp">
      <Filter>Manager</Filter>
    </ClCompile>
    <ClCompile Include="Utils\EnginePch.cpp">
      <Filter>Utils</Filter>
    </ClCompile>
    <ClCompile Include="Utils\FBXLoader.cpp">
      <Filter>Utils</Filter>
    </ClCompile>
    <ClCompile Include="Utils\pch.cpp">
      <Filter>Utils</Filter>
    </ClCompile>
    <ClCompile Include="Utils\SimpleMath.cpp">
      <Filter>Utils</Filter>
    </ClCompile>
    <ClCompile Include="Utils\ImGuiBuild.cpp">
      <Filter>Utils</Filter>
    </ClCompile>
    <ClCompile Include="Object\Component\Collider\BaseCollider.cpp">
      <Filter>Object\Component\Collider</Filter>
    </ClCompile>
    <ClCompile Include="Object\Component\Collider\BasketCollider.cpp">
      <Filter>Object\Component\Collider</Filter>
    </ClCompile>
    <ClCompile Include="Object\Component\Collider\CylinderCollider.cpp">
      <Filter>Object\Component\Collider</Filter>
    </ClCompile>
    <ClCompile Include="Object\Component\Collider\PlaneCollider.cpp">
      <Filter>Object\Component\Collider</Filter>
    </ClCompile>
    <ClCompile Include="Object\Component\Collider\SphereCollider.cpp">
      <Filter>Object\Component\Collider</Filter>
    </ClCompile>
    <ClCompile Include="Object\Component\Collider\TableCollider.cpp">
      <Filter>Object\Component\Collider</Filter>
    </ClCompile>
    <ClCompile Include="Object\Component\Animator.cpp">
      <Filter>Object\Component</Filter>
    </ClCompile>
    <ClCompile Include="Object\Component\Camera.cpp">
      <Filter>Object\Component</Filter>
    </ClCompile>
    <ClCompile Include="Object\Component\Component.cpp">
      <Filter>Object\Component</Filter>
    </ClCompile>
    <ClCompile Include="Object\Component\Frustum.cpp">
      <Filter>Object\Component</Filter>
    </ClCompile>
    <ClCompile Include="Object\Component\Light.cpp">
      <Filter>Object\Component</Filter>
    </ClCompile>
    <ClCompile Include="Object\Component\MeshRenderer.cpp">
      <Filter>Object\Component</Filter>
    </ClCompile>
    <ClCompile Include="Object\Component\MonoBehaviour.cpp">
      <Filter>Object\Component</Filter>
    </ClCompile>
    <ClCompile Include="Object\Component\ParticleSystem.cpp">
      <Filter>Object\Component</Filter>
    </ClCompile>
    <ClCompile Include="Object\Component\Rigidbody.cpp">
      <Filter>Object\Component</Filter>
    </ClCompile>
    <ClCompile Include="Object\Component\Terrain.cpp">
      <Filter>Object\Component</Filter>
    </ClCompile>
    <ClCompile Include="Object\Component\Transform.cpp">
      <Filter>Object\Component</Filter>
    </ClCompile>
    <ClCompile Include="Object\Resource\Material.cpp">
      <Filter>Object\Resource</Filter>
    </ClCompile>
    <ClCompile Include="Object\Resource\Mesh.cpp">
      <Filter>Object\Resource</Filter>
    </ClCompile>
    <ClCompile Include="Object\Resource\MeshData.cpp">
      <Filter>Object\Resource</Filter>
    </ClCompile>
    <ClCompile Include="Object\Resource\Shader.cpp">
      <Filter>Object\Resource</Filter>
    </ClCompile>
    <ClCompile Include="Object\Resource\Texture.cpp">
      <Filter>Object\Resource</Filter>
    </ClCompile>
    <ClCompile Include="Object\Test\TestCameraScript.cpp">
      <Filter>Object\Test</Filter>
    </ClCompile>
    <ClCompile Include="Object\Test\TestDragon.cpp">
      <Filter>Object\Test</Filter>
    </ClCompile>
    <ClCompile Include="Object\GameObject.cpp">
      <Filter>Object</Filter>
    </ClCompile>
    <ClCompile Include="Object\Object.cpp">
      <Filter>Object</Filter>
    </ClCompile>
  </ItemGroup>
  <ItemGroup>
    <FxCompile Include="..\Resources\Shader\params.fx">
      <Filter>Shader</Filter>
    </FxCompile>
    <FxCompile Include="..\Resources\Shader\skybox.fx">
      <Filter>Shader</Filter>
    </FxCompile>
    <FxCompile Include="..\Resources\Shader\utils.fx">
      <Filter>Shader</Filter>
    </FxCompile>
    <FxCompile Include="..\Resources\Shader\forward.fx">
      <Filter>Shader</Filter>
    </FxCompile>
    <FxCompile Include="..\Resources\Shader\deferred.fx">
      <Filter>Shader</Filter>
    </FxCompile>
    <FxCompile Include="..\Resources\Shader\lighting.fx">
      <Filter>Shader</Filter>
    </FxCompile>
    <FxCompile Include="..\Resources\Shader\compute.fx">
      <Filter>Shader</Filter>
    </FxCompile>
    <FxCompile Include="..\Resources\Shader\particle.fx">
      <Filter>Shader</Filter>
    </FxCompile>
    <FxCompile Include="..\Resources\Shader\shadow.fx">
      <Filter>Shader</Filter>
    </FxCompile>
    <FxCompile Include="..\Resources\Shader\tessellation.fx">
      <Filter>Shader</Filter>
    </FxCompile>
    <FxCompile Include="..\Resources\Shader\terrain.fx">
      <Filter>Shader</Filter>
    </FxCompile>
    <FxCompile Include="..\Resources\Shader\animation.fx">
      <Filter>Shader</Filter>
    </FxCompile>
    <FxCompile Include="..\Resources\Shader\math.fx">
      <Filter>Shader</Filter>
    </FxCompile>
  </ItemGroup>
  <ItemGroup>
    <None Include="Utils\SimpleMath.inl">
      <Filter>Utils</Filter>
    </None>
  </ItemGroup>
</Project>